{
  "name": "@ares/datasource-mysql",
  "version": "1.0.0",
  "lockfileVersion": 3,
  "requires": true,
  "packages": {
    "": {
      "name": "@ares/datasource-mysql",
      "version": "1.0.0",
      "license": "MIT",
      "dependencies": {
        "@ares/core": "github:rstefani87info/ares-core#master"
      }
    },
    "node_modules/@ares/core": {
      "version": "1.0.0",
      "resolved": "git+ssh://git@github.com/rstefani87info/ares-core.git#71ac1b6d7561365d40536eabe10d47e16e54584e",
      "license": "MIT",
      "dependencies": {
        "crypto-js": "^4.2.0",
        "json2xml": "^0.1.3",
        "lodash": "^4.17.21",
        "moment": "^2.30.1",
        "node-geocoder": "^4.3.0",
        "numeral": "^2.0.6",
        "uuid": "^10.0.0"
      }
    },
    "node_modules/bluebird": {
      "version": "3.7.2",
      "license": "MIT"
    },
    "node_modules/crypto-js": {
      "version": "4.2.0",
      "license": "MIT"
    },
    "node_modules/json2xml": {
      "version": "0.1.3",
      "engines": {
        "node": ">= 0.6.0"
      }
    },
    "node_modules/lodash": {
      "version": "4.17.21",
      "license": "MIT"
    },
    "node_modules/moment": {
      "version": "2.30.1",
      "license": "MIT",
      "engines": {
        "node": "*"
      }
    },
    "node_modules/node-fetch": {
      "version": "2.7.0",
      "license": "MIT",
      "dependencies": {
        "whatwg-url": "^5.0.0"
      },
      "engines": {
        "node": "4.x || >=6.0.0"
      },
      "peerDependencies": {
        "encoding": "^0.1.0"
      },
      "peerDependenciesMeta": {
        "encoding": {
          "optional": true
        }
      }
    },
    "node_modules/node-geocoder": {
      "version": "4.4.0",
      "license": "MIT",
      "dependencies": {
        "bluebird": "^3.5.2",
        "node-fetch": "^2.6.0"
      },
      "engines": {
        "node": ">=18"
      }
    },
    "node_modules/numeral": {
      "version": "2.0.6",
      "license": "MIT",
      "engines": {
        "node": "*"
      }
    },
    "node_modules/tr46": {
      "version": "0.0.3",
      "license": "MIT"
    },
    "node_modules/uuid": {
      "version": "10.0.0",
      "funding": [
        "https://github.com/sponsors/broofa",
        "https://github.com/sponsors/ctavan"
      ],
      "license": "MIT",
      "bin": {
        "uuid": "dist/bin/uuid"
      }
    },
    "node_modules/webidl-conversions": {
      "version": "3.0.1",
      "license": "BSD-2-Clause"
    },
    "node_modules/whatwg-url": {
      "version": "5.0.0",
      "license": "MIT",
      "dependencies": {
        "tr46": "~0.0.3",
        "webidl-conversions": "^3.0.0"
      }
    }
  }
}
